Microsoft Visual Studio Solution File, Format Version 11.00
# Visual Studio 2008

Project("{758FBB03-7022-D413-70F7-26E1025C7855}") = "Holy-DopSession", "Assembly-CSharp.csproj", "{3241BB95-8B89-C154-1D08-0AFD2B4AD92C}"
EndProject
Global
	GlobalSection(SolutionConfigurationPlatforms) = preSolution
		Debug|Any CPU = Debug|Any CPU
		Release|Any CPU = Release|Any CPU
	EndGlobalSection
	GlobalSection(ProjectConfigurationPlatforms) = postSolution
		{3241BB95-8B89-C154-1D08-0AFD2B4AD92C}.Debug|Any CPU.ActiveCfg = Debug|Any CPU
		{3241BB95-8B89-C154-1D08-0AFD2B4AD92C}.Debug|Any CPU.Build.0 = Debug|Any CPU
		{3241BB95-8B89-C154-1D08-0AFD2B4AD92C}.Release|Any CPU.ActiveCfg = Release|Any CPU
		{3241BB95-8B89-C154-1D08-0AFD2B4AD92C}.Release|Any CPU.Build.0 = Release|Any CPU
	EndGlobalSection
	GlobalSection(SolutionProperties) = preSolution
		HideSolutionNode = FALSE
	EndGlobalSection
	GlobalSection(MonoDevelopProperties) = preSolution
		StartupItem = Assembly-CSharp.csproj
	EndGlobalSection
EndGlobal
